<?xml version="1.0" encoding="utf-8"?>
<Project ToolsVersion="4.0" xmlns="http://schemas.microsoft.com/developer/msbuild/2003">
  <ItemGroup>
    <Filter Include="Scenes">
      <UniqueIdentifier>{09e28acb-6f53-44ec-8c45-98d8e015fba7}</UniqueIdentifier>
    </Filter>
    <Filter Include="Prefabs">
      <UniqueIdentifier>{0f2d4d13-bbbc-4764-bf62-6834b3305db3}</UniqueIdentifier>
    </Filter>
    <Filter Include="Graphics">
      <UniqueIdentifier>{f673eae5-99d7-46c5-9a29-0dd3c7cf41a3}</UniqueIdentifier>
    </Filter>
  </ItemGroup>
  <ItemGroup>
    <ClInclude Include="MainMenu.h">
      <Filter>Scenes</Filter>
    </ClInclude>
    <ClInclude Include="PortalPuzzle1.h">
      <Filter>Scenes</Filter>
    </ClInclude>
    <ClInclude Include="PortalPrefab.h">
      <Filter>Prefabs</Filter>
    </ClInclude>
    <ClInclude Include="WallPrefab.h">
      <Filter>Prefabs</Filter>
    </ClInclude>
    <ClInclude Include="PortalCharacterController.h">
      <Filter>Prefabs</Filter>
    </ClInclude>
    <ClInclude Include="PortalMaterial.h">
      <Filter>Graphics</Filter>
    </ClInclude>
    <ClInclude Include="MainGame.h" />
    <ClInclude Include="stdafx.h" />
    <ClInclude Include="MenuButton.h">
      <Filter>Prefabs</Filter>
    </ClInclude>
    <ClInclude Include="Menu.h">
      <Filter>Prefabs</Filter>
    </ClInclude>
    <ClInclude Include="ControllerScheme.h">
      <Filter>Scenes</Filter>
    </ClInclude>
    <ClInclude Include="PauseMenu.h">
      <Filter>Scenes</Filter>
    </ClInclude>
  </ItemGroup>
  <ItemGroup>
    <ClCompile Include="PortalPuzzle1.cpp">
      <Filter>Scenes</Filter>
    </ClCompile>
    <ClCompile Include="MainMenu.cpp">
      <Filter>Scenes</Filter>
    </ClCompile>
    <ClCompile Include="WallPrefab.cpp">
      <Filter>Prefabs</Filter>
    </ClCompile>
    <ClCompile Include="PortalPrefab.cpp">
      <Filter>Prefabs</Filter>
    </ClCompile>
    <ClCompile Include="PortalCharacterController.cpp">
      <Filter>Prefabs</Filter>
    </ClCompile>
    <ClCompile Include="PortalMaterial.cpp">
      <Filter>Graphics</Filter>
    </ClCompile>
    <ClCompile Include="Main.cpp" />
    <ClCompile Include="stdafx.cpp" />
    <ClCompile Include="MainGame.cpp" />
    <ClCompile Include="MenuButton.cpp">
      <Filter>Prefabs</Filter>
    </ClCompile>
    <ClCompile Include="Menu.cpp">
      <Filter>Prefabs</Filter>
    </ClCompile>
    <ClCompile Include="ControllerScheme.cpp">
      <Filter>Scenes</Filter>
    </ClCompile>
    <ClCompile Include="PauseMenu.cpp">
      <Filter>Scenes</Filter>
    </ClCompile>
  </ItemGroup>
</Project>